
Microsoft Visual Studio Solution File, Format Version 12.00
Project("{FAE04EC0-301F-11D3-BF4B-00C04F79EFBC}") = "DnproApi", "DnproApi\DnproApi.csproj", "{204A7725-C2FB-4A63-A109-34189D2E5752}"
EndProject
Global
	GlobalSection(SolutionConfigurationPlatforms) = preSolution
		Debug|Any CPU = Debug|Any CPU
		Release|Any CPU = Release|Any CPU
	EndGlobalSection
	GlobalSection(ProjectConfigurationPlatforms) = postSolution
		{204A7725-C2FB-4A63-A109-34189D2E5752}.Debug|Any CPU.ActiveCfg = Debug|Any CPU
		{204A7725-C2FB-4A63-A109-34189D2E5752}.Debug|Any CPU.Build.0 = Debug|Any CPU
		{204A7725-C2FB-4A63-A109-34189D2E5752}.Release|Any CPU.ActiveCfg = Release|Any CPU
		{204A7725-C2FB-4A63-A109-34189D2E5752}.Release|Any CPU.Build.0 = Release|Any CPU
	EndGlobalSection
EndGlobal
